<?xml version="1.0" encoding="utf-8"?>
<Project ToolsVersion="4.0" xmlns="http://schemas.microsoft.com/developer/msbuild/2003">
  <ItemGroup>
    <Filter Include="ソース ファイル">
      <UniqueIdentifier>{4FC737F1-C7A5-4376-A066-2A32D752A2FF}</UniqueIdentifier>
      <Extensions>cpp;c;cc;cxx;def;odl;idl;hpj;bat;asm;asmx</Extensions>
    </Filter>
    <Filter Include="ヘッダー ファイル">
      <UniqueIdentifier>{93995380-89BD-4b04-88EB-625FBE52EBFB}</UniqueIdentifier>
      <Extensions>h;hh;hpp;hxx;hm;inl;inc;xsd</Extensions>
    </Filter>
    <Filter Include="リソース ファイル">
      <UniqueIdentifier>{67DA6AB6-F800-4c08-8B7A-83BB121AAD01}</UniqueIdentifier>
      <Extensions>rc;ico;cur;bmp;dlg;rc2;rct;bin;rgs;gif;jpg;jpeg;jpe;resx;tiff;tif;png;wav;mfcribbon-ms</Extensions>
    </Filter>
    <Filter Include="ソース ファイル\object">
      <UniqueIdentifier>{83aad40b-1398-45d1-969c-402e97c5715d}</UniqueIdentifier>
    </Filter>
    <Filter Include="ソース ファイル\object\2D">
      <UniqueIdentifier>{da112342-95eb-4809-9414-0c0d9da2c391}</UniqueIdentifier>
    </Filter>
    <Filter Include="ソース ファイル\input">
      <UniqueIdentifier>{85e1a445-c5fc-496b-b13b-df6e882e2693}</UniqueIdentifier>
    </Filter>
    <Filter Include="ヘッダー ファイル\object">
      <UniqueIdentifier>{27bea249-49b8-4fbd-81ca-6e687028edf7}</UniqueIdentifier>
    </Filter>
    <Filter Include="ヘッダー ファイル\object\2D">
      <UniqueIdentifier>{e9cacd8b-00ac-4ea3-a6ad-2653789420f6}</UniqueIdentifier>
    </Filter>
    <Filter Include="ヘッダー ファイル\input">
      <UniqueIdentifier>{e21d467b-44ee-48fb-ae6b-81343931b249}</UniqueIdentifier>
    </Filter>
    <Filter Include="ソース ファイル\object\3D">
      <UniqueIdentifier>{a5f4a88d-d1ba-46c5-b793-c8b3c6f5dee1}</UniqueIdentifier>
    </Filter>
    <Filter Include="ヘッダー ファイル\object\3D">
      <UniqueIdentifier>{ed74fc44-eea8-4882-bc7a-b701f7bac57d}</UniqueIdentifier>
    </Filter>
    <Filter Include="ヘッダー ファイル\object\3D\Motion">
      <UniqueIdentifier>{81c63265-7a8b-4dc8-a43c-e59e2534b356}</UniqueIdentifier>
    </Filter>
    <Filter Include="ソース ファイル\object\3D\Motion">
      <UniqueIdentifier>{4c7c7ef5-4555-4336-9668-72ce3e99ba61}</UniqueIdentifier>
    </Filter>
    <Filter Include="ソース ファイル\object\3D\mesh">
      <UniqueIdentifier>{4cbcb481-777e-43ad-bfc5-5c60af52ef81}</UniqueIdentifier>
    </Filter>
    <Filter Include="ヘッダー ファイル\object\3D\mesh">
      <UniqueIdentifier>{a6fe3cae-f577-4cc3-bb21-254dc003c098}</UniqueIdentifier>
    </Filter>
    <Filter Include="ヘッダー ファイル\object\scene">
      <UniqueIdentifier>{0157aa27-3fba-416f-9581-93f96bbd2530}</UniqueIdentifier>
    </Filter>
    <Filter Include="ソース ファイル\object\scene">
      <UniqueIdentifier>{106d8ac0-e290-4d76-9572-6b534a72967d}</UniqueIdentifier>
    </Filter>
  </ItemGroup>
  <ItemGroup>
    <ClInclude Include="texture.h">
      <Filter>ヘッダー ファイル</Filter>
    </ClInclude>
    <ClInclude Include="sound.h">
      <Filter>ヘッダー ファイル</Filter>
    </ClInclude>
    <ClInclude Include="renderer.h">
      <Filter>ヘッダー ファイル</Filter>
    </ClInclude>
    <ClInclude Include="main.h">
      <Filter>ヘッダー ファイル</Filter>
    </ClInclude>
    <ClInclude Include="light.h">
      <Filter>ヘッダー ファイル</Filter>
    </ClInclude>
    <ClInclude Include="camera.h">
      <Filter>ヘッダー ファイル</Filter>
    </ClInclude>
    <ClInclude Include="calculation.h">
      <Filter>ヘッダー ファイル</Filter>
    </ClInclude>
    <ClInclude Include="application.h">
      <Filter>ヘッダー ファイル</Filter>
    </ClInclude>
    <ClInclude Include="object.h">
      <Filter>ヘッダー ファイル\object</Filter>
    </ClInclude>
    <ClInclude Include="bullet2D.h">
      <Filter>ヘッダー ファイル\object\2D</Filter>
    </ClInclude>
    <ClInclude Include="enemy2D.h">
      <Filter>ヘッダー ファイル\object\2D</Filter>
    </ClInclude>
    <ClInclude Include="explosion2D.h">
      <Filter>ヘッダー ファイル\object\2D</Filter>
    </ClInclude>
    <ClInclude Include="object2D.h">
      <Filter>ヘッダー ファイル\object\2D</Filter>
    </ClInclude>
    <ClInclude Include="player2D.h">
      <Filter>ヘッダー ファイル\object\2D</Filter>
    </ClInclude>
    <ClInclude Include="input.h">
      <Filter>ヘッダー ファイル\input</Filter>
    </ClInclude>
    <ClInclude Include="keyboard.h">
      <Filter>ヘッダー ファイル\input</Filter>
    </ClInclude>
    <ClInclude Include="move.h">
      <Filter>ヘッダー ファイル</Filter>
    </ClInclude>
    <ClInclude Include="tex_anim.h">
      <Filter>ヘッダー ファイル</Filter>
    </ClInclude>
    <ClInclude Include="mouse.h">
      <Filter>ヘッダー ファイル\input</Filter>
    </ClInclude>
    <ClInclude Include="model3D.h">
      <Filter>ヘッダー ファイル\object\3D</Filter>
    </ClInclude>
    <ClInclude Include="bg.h">
      <Filter>ヘッダー ファイル\object</Filter>
    </ClInclude>
    <ClInclude Include="motion.h">
      <Filter>ヘッダー ファイル</Filter>
    </ClInclude>
    <ClInclude Include="motion_char3D.h">
      <Filter>ヘッダー ファイル\object\3D\Motion</Filter>
    </ClInclude>
    <ClInclude Include="motion_player3D.h">
      <Filter>ヘッダー ファイル\object\3D\Motion</Filter>
    </ClInclude>
    <ClInclude Include="bullet3D.h">
      <Filter>ヘッダー ファイル\object\3D</Filter>
    </ClInclude>
    <ClInclude Include="mesh.h">
      <Filter>ヘッダー ファイル\object\3D\mesh</Filter>
    </ClInclude>
    <ClInclude Include="sphere.h">
      <Filter>ヘッダー ファイル\object\3D\mesh</Filter>
    </ClInclude>
    <ClInclude Include="circle_polygon3D.h">
      <Filter>ヘッダー ファイル\object\3D</Filter>
    </ClInclude>
    <ClInclude Include="object3D.h">
      <Filter>ヘッダー ファイル\object\3D</Filter>
    </ClInclude>
    <ClInclude Include="enemy3D.h">
      <Filter>ヘッダー ファイル\object\3D</Filter>
    </ClInclude>
    <ClInclude Include="number.h">
      <Filter>ヘッダー ファイル\object\2D</Filter>
    </ClInclude>
    <ClInclude Include="score.h">
      <Filter>ヘッダー ファイル\object</Filter>
    </ClInclude>
    <ClInclude Include="life.h">
      <Filter>ヘッダー ファイル\object\2D</Filter>
    </ClInclude>
    <ClInclude Include="life_manager.h">
      <Filter>ヘッダー ファイル\object</Filter>
    </ClInclude>
    <ClInclude Include="gauge2D.h">
      <Filter>ヘッダー ファイル\object\2D</Filter>
    </ClInclude>
    <ClInclude Include="follow_bullet3D.h">
      <Filter>ヘッダー ファイル\object\3D</Filter>
    </ClInclude>
    <ClInclude Include="energy_gage.h">
      <Filter>ヘッダー ファイル\object</Filter>
    </ClInclude>
    <ClInclude Include="scene_mode.h">
      <Filter>ヘッダー ファイル\object\scene</Filter>
    </ClInclude>
    <ClInclude Include="game.h">
      <Filter>ヘッダー ファイル\object\scene</Filter>
    </ClInclude>
    <ClInclude Include="result.h">
      <Filter>ヘッダー ファイル\object\scene</Filter>
    </ClInclude>
    <ClInclude Include="title.h">
      <Filter>ヘッダー ファイル\object\scene</Filter>
    </ClInclude>
    <ClInclude Include="fade.h">
      <Filter>ヘッダー ファイル\object\2D</Filter>
    </ClInclude>
    <ClInclude Include="enemy_manager.h">
      <Filter>ヘッダー ファイル\object</Filter>
    </ClInclude>
    <ClInclude Include="model_manager.h">
      <Filter>ヘッダー ファイル</Filter>
    </ClInclude>
    <ClInclude Include="camera_manager.h">
      <Filter>ヘッダー ファイル</Filter>
    </ClInclude>
    <ClInclude Include="ranking.h">
      <Filter>ヘッダー ファイル\object</Filter>
    </ClInclude>
    <ClInclude Include="tcp_client.h">
      <Filter>ヘッダー ファイル</Filter>
    </ClInclude>
    <ClInclude Include="effect3D.h">
      <Filter>ヘッダー ファイル\object\3D</Filter>
    </ClInclude>
    <ClInclude Include="particle.h">
      <Filter>ヘッダー ファイル\object\3D</Filter>
    </ClInclude>
    <ClInclude Include="tutorial.h">
      <Filter>ヘッダー ファイル\object\scene</Filter>
    </ClInclude>
    <ClInclude Include="pause.h">
      <Filter>ヘッダー ファイル\object</Filter>
    </ClInclude>
    <ClInclude Include="motion_boss.h">
      <Filter>ヘッダー ファイル\object\3D\Motion</Filter>
    </ClInclude>
  </ItemGroup>
  <ItemGroup>
    <ClCompile Include="texture.cpp">
      <Filter>ソース ファイル</Filter>
    </ClCompile>
    <ClCompile Include="sound.cpp">
      <Filter>ソース ファイル</Filter>
    </ClCompile>
    <ClCompile Include="renderer.cpp">
      <Filter>ソース ファイル</Filter>
    </ClCompile>
    <ClCompile Include="main.cpp">
      <Filter>ソース ファイル</Filter>
    </ClCompile>
    <ClCompile Include="light.cpp">
      <Filter>ソース ファイル</Filter>
    </ClCompile>
    <ClCompile Include="camera.cpp">
      <Filter>ソース ファイル</Filter>
    </ClCompile>
    <ClCompile Include="calculation.cpp">
      <Filter>ソース ファイル</Filter>
    </ClCompile>
    <ClCompile Include="object.cpp">
      <Filter>ソース ファイル\object</Filter>
    </ClCompile>
    <ClCompile Include="object2D.cpp">
      <Filter>ソース ファイル\object\2D</Filter>
    </ClCompile>
    <ClCompile Include="player2D.cpp">
      <Filter>ソース ファイル\object\2D</Filter>
    </ClCompile>
    <ClCompile Include="explosion2D.cpp">
      <Filter>ソース ファイル\object\2D</Filter>
    </ClCompile>
    <ClCompile Include="enemy2D.cpp">
      <Filter>ソース ファイル\object\2D</Filter>
    </ClCompile>
    <ClCompile Include="bullet2D.cpp">
      <Filter>ソース ファイル\object\2D</Filter>
    </ClCompile>
    <ClCompile Include="input.cpp">
      <Filter>ソース ファイル\input</Filter>
    </ClCompile>
    <ClCompile Include="keyboard.cpp">
      <Filter>ソース ファイル\input</Filter>
    </ClCompile>
    <ClCompile Include="move.cpp">
      <Filter>ソース ファイル</Filter>
    </ClCompile>
    <ClCompile Include="application.cpp">
      <Filter>ソース ファイル</Filter>
    </ClCompile>
    <ClCompile Include="tex_anim.cpp">
      <Filter>ソース ファイル</Filter>
    </ClCompile>
    <ClCompile Include="mouse.cpp">
      <Filter>ソース ファイル\input</Filter>
    </ClCompile>
    <ClCompile Include="bg.cpp">
      <Filter>ソース ファイル\object</Filter>
    </ClCompile>
    <ClCompile Include="model3D.cpp">
      <Filter>ソース ファイル\object\3D</Filter>
    </ClCompile>
    <ClCompile Include="motion.cpp">
      <Filter>ソース ファイル</Filter>
    </ClCompile>
    <ClCompile Include="motion_char3D.cpp">
      <Filter>ソース ファイル\object\3D\Motion</Filter>
    </ClCompile>
    <ClCompile Include="motion_player3D.cpp">
      <Filter>ソース ファイル\object\3D\Motion</Filter>
    </ClCompile>
    <ClCompile Include="bullet3D.cpp">
      <Filter>ソース ファイル\object\3D</Filter>
    </ClCompile>
    <ClCompile Include="sphere.cpp">
      <Filter>ソース ファイル\object\3D\mesh</Filter>
    </ClCompile>
    <ClCompile Include="mesh.cpp">
      <Filter>ソース ファイル\object\3D\mesh</Filter>
    </ClCompile>
    <ClCompile Include="circle_polygon3D.cpp">
      <Filter>ソース ファイル\object\3D</Filter>
    </ClCompile>
    <ClCompile Include="object3D.cpp">
      <Filter>ソース ファイル\object\3D</Filter>
    </ClCompile>
    <ClCompile Include="enemy3D.cpp">
      <Filter>ソース ファイル\object\3D</Filter>
    </ClCompile>
    <ClCompile Include="number.cpp">
      <Filter>ソース ファイル\object\2D</Filter>
    </ClCompile>
    <ClCompile Include="score.cpp">
      <Filter>ソース ファイル\object</Filter>
    </ClCompile>
    <ClCompile Include="life.cpp">
      <Filter>ソース ファイル\object\2D</Filter>
    </ClCompile>
    <ClCompile Include="life_manager.cpp">
      <Filter>ソース ファイル\object</Filter>
    </ClCompile>
    <ClCompile Include="gauge2D.cpp">
      <Filter>ソース ファイル\object\2D</Filter>
    </ClCompile>
    <ClCompile Include="follow_bullet3D.cpp">
      <Filter>ソース ファイル\object\3D</Filter>
    </ClCompile>
    <ClCompile Include="energy_gage.cpp">
      <Filter>ソース ファイル\object</Filter>
    </ClCompile>
    <ClCompile Include="scene_mode.cpp">
      <Filter>ソース ファイル\object\scene</Filter>
    </ClCompile>
    <ClCompile Include="title.cpp">
      <Filter>ソース ファイル\object\scene</Filter>
    </ClCompile>
    <ClCompile Include="game.cpp">
      <Filter>ソース ファイル\object\scene</Filter>
    </ClCompile>
    <ClCompile Include="result.cpp">
      <Filter>ソース ファイル\object\scene</Filter>
    </ClCompile>
    <ClCompile Include="fade.cpp">
      <Filter>ソース ファイル\object\2D</Filter>
    </ClCompile>
    <ClCompile Include="enemy_manager.cpp">
      <Filter>ソース ファイル\object</Filter>
    </ClCompile>
    <ClCompile Include="model_manager.cpp">
      <Filter>ソース ファイル</Filter>
    </ClCompile>
    <ClCompile Include="camera_manager.cpp">
      <Filter>ソース ファイル</Filter>
    </ClCompile>
    <ClCompile Include="ranking.cpp">
      <Filter>ソース ファイル\object</Filter>
    </ClCompile>
    <ClCompile Include="tcp_client.cpp">
      <Filter>ソース ファイル</Filter>
    </ClCompile>
    <ClCompile Include="effect3D.cpp">
      <Filter>ソース ファイル\object\3D</Filter>
    </ClCompile>
    <ClCompile Include="particle.cpp">
      <Filter>ソース ファイル\object\3D</Filter>
    </ClCompile>
    <ClCompile Include="tutorial.cpp">
      <Filter>ソース ファイル\object\scene</Filter>
    </ClCompile>
    <ClCompile Include="pause.cpp">
      <Filter>ソース ファイル\object</Filter>
    </ClCompile>
    <ClCompile Include="motion_boss.cpp">
      <Filter>ソース ファイル\object\3D\Motion</Filter>
    </ClCompile>
  </ItemGroup>
</Project>